
Microsoft Visual Studio Solution File, Format Version 12.00
# Visual Studio 15
VisualStudioVersion = 15.0.27703.2000
MinimumVisualStudioVersion = 10.0.40219.1
Project("{FAE04EC0-301F-11D3-BF4B-00C04F79EFBC}") = "ConsoleAppEXE1-Cristtiano", "ConsoleAppEXE1-Cristtiano\ConsoleAppEXE1-Cristtiano.csproj", "{4B69347E-9650-4059-9E2E-6AA6B5306D6A}"
EndProject
Global
	GlobalSection(SolutionConfigurationPlatforms) = preSolution
		Debug|Any CPU = Debug|Any CPU
		Release|Any CPU = Release|Any CPU
	EndGlobalSection
	GlobalSection(ProjectConfigurationPlatforms) = postSolution
		{4B69347E-9650-4059-9E2E-6AA6B5306D6A}.Debug|Any CPU.ActiveCfg = Debug|Any CPU
		{4B69347E-9650-4059-9E2E-6AA6B5306D6A}.Debug|Any CPU.Build.0 = Debug|Any CPU
		{4B69347E-9650-4059-9E2E-6AA6B5306D6A}.Release|Any CPU.ActiveCfg = Release|Any CPU
		{4B69347E-9650-4059-9E2E-6AA6B5306D6A}.Release|Any CPU.Build.0 = Release|Any CPU
	EndGlobalSection
	GlobalSection(SolutionProperties) = preSolution
		HideSolutionNode = FALSE
	EndGlobalSection
	GlobalSection(ExtensibilityGlobals) = postSolution
		SolutionGuid = {AE5D61ED-2AC5-418D-9B98-5157C6DBCC64}
	EndGlobalSection
EndGlobal
